{
  "name": "shiny-octo-robot",
  "lockfileVersion": 3,
  "requires": true,
  "packages": {
    "": {
      "name": "shiny-octo-robot",
      "dependencies": {
        "linq": "^4.0.3"
      }
    },
    "node_modules/linq": {
      "version": "4.0.3",
      "resolved": "https://registry.npmjs.org/linq/-/linq-4.0.3.tgz",
      "integrity": "sha512-dP0w2ERJXfVUk6VmmAK+Tz/SxFHwyY7VM6Mrq4fnJmeQf9JNEYFH6qJfV6Qn0N91mfwz2GEE/4S+RDkmDNyUJw==",
      "license": "MIT",
      "engines": {
        "node": "*"
      }
    }
  }
}
